
Microsoft Visual Studio Solution File, Format Version 12.00
# Visual Studio 15
VisualStudioVersion = 15.0.28307.1082
MinimumVisualStudioVersion = 10.0.40219.1
Project("{FAE04EC0-301F-11D3-BF4B-00C04F79EFBC}") = "LinearList", "DataStructure\LinearList.csproj", "{2FE8F792-5C78-4CCE-BB48-032EB20F61F9}"
EndProject
Project("{FAE04EC0-301F-11D3-BF4B-00C04F79EFBC}") = "SinglyLinkedList", "ls\SinglyLinkedList.csproj", "{F72A18D4-DADE-4985-8996-FFF7C42FC638}"
EndProject
Project("{FAE04EC0-301F-11D3-BF4B-00C04F79EFBC}") = "DoubleLinkList", "DoubleLinkList\DoubleLinkList.csproj", "{8FBF7F73-4E67-4FD2-9BA4-4D5F27F7B5C0}"
EndProject
Project("{FAE04EC0-301F-11D3-BF4B-00C04F79EFBC}") = "DoubleLoopLinkList", "DoubleLoopLinkList\DoubleLoopLinkList.csproj", "{6C6648C1-7C5C-4C86-A790-651682BCE82B}"
EndProject
Project("{2150E333-8FDC-42A3-9474-1A3956D46DE8}") = "BasicLinearList", "BasicLinearList", "{E87AB8E5-9FFF-494C-BAD4-B18C4EA6AC45}"
EndProject
Project("{2150E333-8FDC-42A3-9474-1A3956D46DE8}") = "Stack", "Stack", "{C1D15484-84D8-4A68-A1FB-F6ED22588899}"
EndProject
Project("{FAE04EC0-301F-11D3-BF4B-00C04F79EFBC}") = "SequentialStack", "SequentialStack\SequentialStack.csproj", "{BF366F91-431A-4F02-8099-2BB6FBCC2FE3}"
EndProject
Project("{2150E333-8FDC-42A3-9474-1A3956D46DE8}") = "Queue", "Queue", "{9E53196F-F36B-4568-8D80-A63CE8A6A3CE}"
EndProject
Project("{FAE04EC0-301F-11D3-BF4B-00C04F79EFBC}") = "ChainStack", "ChainStack\ChainStack.csproj", "{AE53517C-EE36-4202-A34B-F3D95F59BE61}"
EndProject
Project("{FAE04EC0-301F-11D3-BF4B-00C04F79EFBC}") = "SeqQueue", "SeqQueue\SeqQueue.csproj", "{34FF673A-384F-4553-BD5F-F4A1897B3A22}"
EndProject
Project("{FAE04EC0-301F-11D3-BF4B-00C04F79EFBC}") = "LinkQueue", "LinkQueue\LinkQueue.csproj", "{1F9E8549-F346-4245-BD65-CC2D49DA7832}"
EndProject
Project("{2150E333-8FDC-42A3-9474-1A3956D46DE8}") = "Tree", "Tree", "{DC8FFC7D-FCCC-46B2-B42A-0FA067437F5A}"
EndProject
Project("{FAE04EC0-301F-11D3-BF4B-00C04F79EFBC}") = "LinkBinaryTree", "BinaryTree\LinkBinaryTree.csproj", "{562273EB-B8F6-43E8-9229-9C4D6EF67F45}"
EndProject
Global
	GlobalSection(SolutionConfigurationPlatforms) = preSolution
		Debug|Any CPU = Debug|Any CPU
		Release|Any CPU = Release|Any CPU
	EndGlobalSection
	GlobalSection(ProjectConfigurationPlatforms) = postSolution
		{2FE8F792-5C78-4CCE-BB48-032EB20F61F9}.Debug|Any CPU.ActiveCfg = Debug|Any CPU
		{2FE8F792-5C78-4CCE-BB48-032EB20F61F9}.Debug|Any CPU.Build.0 = Debug|Any CPU
		{2FE8F792-5C78-4CCE-BB48-032EB20F61F9}.Release|Any CPU.ActiveCfg = Release|Any CPU
		{2FE8F792-5C78-4CCE-BB48-032EB20F61F9}.Release|Any CPU.Build.0 = Release|Any CPU
		{F72A18D4-DADE-4985-8996-FFF7C42FC638}.Debug|Any CPU.ActiveCfg = Debug|Any CPU
		{F72A18D4-DADE-4985-8996-FFF7C42FC638}.Debug|Any CPU.Build.0 = Debug|Any CPU
		{F72A18D4-DADE-4985-8996-FFF7C42FC638}.Release|Any CPU.ActiveCfg = Release|Any CPU
		{F72A18D4-DADE-4985-8996-FFF7C42FC638}.Release|Any CPU.Build.0 = Release|Any CPU
		{8FBF7F73-4E67-4FD2-9BA4-4D5F27F7B5C0}.Debug|Any CPU.ActiveCfg = Debug|Any CPU
		{8FBF7F73-4E67-4FD2-9BA4-4D5F27F7B5C0}.Debug|Any CPU.Build.0 = Debug|Any CPU
		{8FBF7F73-4E67-4FD2-9BA4-4D5F27F7B5C0}.Release|Any CPU.ActiveCfg = Release|Any CPU
		{8FBF7F73-4E67-4FD2-9BA4-4D5F27F7B5C0}.Release|Any CPU.Build.0 = Release|Any CPU
		{6C6648C1-7C5C-4C86-A790-651682BCE82B}.Debug|Any CPU.ActiveCfg = Debug|Any CPU
		{6C6648C1-7C5C-4C86-A790-651682BCE82B}.Debug|Any CPU.Build.0 = Debug|Any CPU
		{6C6648C1-7C5C-4C86-A790-651682BCE82B}.Release|Any CPU.ActiveCfg = Release|Any CPU
		{6C6648C1-7C5C-4C86-A790-651682BCE82B}.Release|Any CPU.Build.0 = Release|Any CPU
		{BF366F91-431A-4F02-8099-2BB6FBCC2FE3}.Debug|Any CPU.ActiveCfg = Debug|Any CPU
		{BF366F91-431A-4F02-8099-2BB6FBCC2FE3}.Debug|Any CPU.Build.0 = Debug|Any CPU
		{BF366F91-431A-4F02-8099-2BB6FBCC2FE3}.Release|Any CPU.ActiveCfg = Release|Any CPU
		{BF366F91-431A-4F02-8099-2BB6FBCC2FE3}.Release|Any CPU.Build.0 = Release|Any CPU
		{AE53517C-EE36-4202-A34B-F3D95F59BE61}.Debug|Any CPU.ActiveCfg = Debug|Any CPU
		{AE53517C-EE36-4202-A34B-F3D95F59BE61}.Debug|Any CPU.Build.0 = Debug|Any CPU
		{AE53517C-EE36-4202-A34B-F3D95F59BE61}.Release|Any CPU.ActiveCfg = Release|Any CPU
		{AE53517C-EE36-4202-A34B-F3D95F59BE61}.Release|Any CPU.Build.0 = Release|Any CPU
		{34FF673A-384F-4553-BD5F-F4A1897B3A22}.Debug|Any CPU.ActiveCfg = Debug|Any CPU
		{34FF673A-384F-4553-BD5F-F4A1897B3A22}.Debug|Any CPU.Build.0 = Debug|Any CPU
		{34FF673A-384F-4553-BD5F-F4A1897B3A22}.Release|Any CPU.ActiveCfg = Release|Any CPU
		{34FF673A-384F-4553-BD5F-F4A1897B3A22}.Release|Any CPU.Build.0 = Release|Any CPU
		{1F9E8549-F346-4245-BD65-CC2D49DA7832}.Debug|Any CPU.ActiveCfg = Debug|Any CPU
		{1F9E8549-F346-4245-BD65-CC2D49DA7832}.Debug|Any CPU.Build.0 = Debug|Any CPU
		{1F9E8549-F346-4245-BD65-CC2D49DA7832}.Release|Any CPU.ActiveCfg = Release|Any CPU
		{1F9E8549-F346-4245-BD65-CC2D49DA7832}.Release|Any CPU.Build.0 = Release|Any CPU
		{562273EB-B8F6-43E8-9229-9C4D6EF67F45}.Debug|Any CPU.ActiveCfg = Debug|Any CPU
		{562273EB-B8F6-43E8-9229-9C4D6EF67F45}.Debug|Any CPU.Build.0 = Debug|Any CPU
		{562273EB-B8F6-43E8-9229-9C4D6EF67F45}.Release|Any CPU.ActiveCfg = Release|Any CPU
		{562273EB-B8F6-43E8-9229-9C4D6EF67F45}.Release|Any CPU.Build.0 = Release|Any CPU
	EndGlobalSection
	GlobalSection(SolutionProperties) = preSolution
		HideSolutionNode = FALSE
	EndGlobalSection
	GlobalSection(NestedProjects) = preSolution
		{2FE8F792-5C78-4CCE-BB48-032EB20F61F9} = {E87AB8E5-9FFF-494C-BAD4-B18C4EA6AC45}
		{F72A18D4-DADE-4985-8996-FFF7C42FC638} = {E87AB8E5-9FFF-494C-BAD4-B18C4EA6AC45}
		{8FBF7F73-4E67-4FD2-9BA4-4D5F27F7B5C0} = {E87AB8E5-9FFF-494C-BAD4-B18C4EA6AC45}
		{6C6648C1-7C5C-4C86-A790-651682BCE82B} = {E87AB8E5-9FFF-494C-BAD4-B18C4EA6AC45}
		{BF366F91-431A-4F02-8099-2BB6FBCC2FE3} = {C1D15484-84D8-4A68-A1FB-F6ED22588899}
		{AE53517C-EE36-4202-A34B-F3D95F59BE61} = {C1D15484-84D8-4A68-A1FB-F6ED22588899}
		{34FF673A-384F-4553-BD5F-F4A1897B3A22} = {9E53196F-F36B-4568-8D80-A63CE8A6A3CE}
		{1F9E8549-F346-4245-BD65-CC2D49DA7832} = {9E53196F-F36B-4568-8D80-A63CE8A6A3CE}
		{562273EB-B8F6-43E8-9229-9C4D6EF67F45} = {DC8FFC7D-FCCC-46B2-B42A-0FA067437F5A}
	EndGlobalSection
	GlobalSection(ExtensibilityGlobals) = postSolution
		SolutionGuid = {EF040C50-6D04-4E8A-9C33-EEDFA71734D0}
	EndGlobalSection
EndGlobal
