
Microsoft Visual Studio Solution File, Format Version 12.00
# Visual Studio 15
VisualStudioVersion = 15.0.28307.1082
MinimumVisualStudioVersion = 10.0.40219.1
Project("{FAE04EC0-301F-11D3-BF4B-00C04F79EFBC}") = "REflection", "REflection\REflection.csproj", "{2F75361F-C4C9-4327-92C4-EDD818883647}"
EndProject
Project("{FAE04EC0-301F-11D3-BF4B-00C04F79EFBC}") = "student", "student\student.csproj", "{5185628E-21C3-43E0-9706-24FC90ABCD70}"
EndProject
Global
	GlobalSection(SolutionConfigurationPlatforms) = preSolution
		Debug|Any CPU = Debug|Any CPU
		Release|Any CPU = Release|Any CPU
	EndGlobalSection
	GlobalSection(ProjectConfigurationPlatforms) = postSolution
		{2F75361F-C4C9-4327-92C4-EDD818883647}.Debug|Any CPU.ActiveCfg = Debug|Any CPU
		{2F75361F-C4C9-4327-92C4-EDD818883647}.Debug|Any CPU.Build.0 = Debug|Any CPU
		{2F75361F-C4C9-4327-92C4-EDD818883647}.Release|Any CPU.ActiveCfg = Release|Any CPU
		{2F75361F-C4C9-4327-92C4-EDD818883647}.Release|Any CPU.Build.0 = Release|Any CPU
		{5185628E-21C3-43E0-9706-24FC90ABCD70}.Debug|Any CPU.ActiveCfg = Debug|Any CPU
		{5185628E-21C3-43E0-9706-24FC90ABCD70}.Debug|Any CPU.Build.0 = Debug|Any CPU
		{5185628E-21C3-43E0-9706-24FC90ABCD70}.Release|Any CPU.ActiveCfg = Release|Any CPU
		{5185628E-21C3-43E0-9706-24FC90ABCD70}.Release|Any CPU.Build.0 = Release|Any CPU
	EndGlobalSection
	GlobalSection(SolutionProperties) = preSolution
		HideSolutionNode = FALSE
	EndGlobalSection
	GlobalSection(ExtensibilityGlobals) = postSolution
		SolutionGuid = {B1DD85DD-26F1-4938-896A-42A23F0732A5}
	EndGlobalSection
EndGlobal
